
Microsoft Visual Studio Solution File, Format Version 12.00
# Visual Studio 15
Project("{FAE04EC0-301F-11D3-BF4B-00C04F79EFBC}") = "UnityEngine.TestRunner", "UnityEngine.TestRunner.csproj", "{6CF49806-22B5-4F00-2347-39E4E1A130E1}"
EndProject
Project("{FAE04EC0-301F-11D3-BF4B-00C04F79EFBC}") = "Unity.TextMeshPro", "Unity.TextMeshPro.csproj", "{2E7CA2E9-0906-6B22-91BE-FB5080E052F5}"
EndProject
Project("{FAE04EC0-301F-11D3-BF4B-00C04F79EFBC}") = "Unity.Timeline", "Unity.Timeline.csproj", "{651112A3-D675-41C5-5CAD-49F0AB3FFFA2}"
EndProject
Project("{FAE04EC0-301F-11D3-BF4B-00C04F79EFBC}") = "Assembly-CSharp", "Assembly-CSharp.csproj", "{C6FE9E31-3B1E-4730-36D5-FE55B29D6D2A}"
EndProject
Project("{FAE04EC0-301F-11D3-BF4B-00C04F79EFBC}") = "UnityEditor.TestRunner", "UnityEditor.TestRunner.csproj", "{559B23B6-1245-0C11-2225-834C88EA5FA5}"
EndProject
Project("{FAE04EC0-301F-11D3-BF4B-00C04F79EFBC}") = "Unity.TextMeshPro.Editor", "Unity.TextMeshPro.Editor.csproj", "{0DA61BE4-060F-11B4-DB7C-FC7F0423A9FC}"
EndProject
Project("{FAE04EC0-301F-11D3-BF4B-00C04F79EFBC}") = "Unity.Timeline.Editor", "Unity.Timeline.Editor.csproj", "{DD4769F5-ECAD-828F-20E5-76C9254A5CF9}"
EndProject
Project("{FAE04EC0-301F-11D3-BF4B-00C04F79EFBC}") = "Unity.Rider.Editor", "Unity.Rider.Editor.csproj", "{29A8DD5F-6F1D-7E84-5FAC-0CAE76CB139C}"
EndProject
Project("{FAE04EC0-301F-11D3-BF4B-00C04F79EFBC}") = "Unity.CollabProxy.Editor", "Unity.CollabProxy.Editor.csproj", "{A072239A-5BE5-2180-74D7-E23E2E025DD7}"
EndProject
Project("{FAE04EC0-301F-11D3-BF4B-00C04F79EFBC}") = "Unity.VSCode.Editor", "Unity.VSCode.Editor.csproj", "{2D589AF2-1DD7-C37B-71AF-7EFD84792C80}"
EndProject
Global
	GlobalSection(SolutionConfigurationPlatforms) = preSolution
		Debug|Any CPU = Debug|Any CPU
		Release|Any CPU = Release|Any CPU
	EndGlobalSection
	GlobalSection(ProjectConfigurationPlatforms) = postSolution
		{6CF49806-22B5-4F00-2347-39E4E1A130E1}.Debug|Any CPU.ActiveCfg = Debug|Any CPU
		{6CF49806-22B5-4F00-2347-39E4E1A130E1}.Debug|Any CPU.Build.0 = Debug|Any CPU
		{6CF49806-22B5-4F00-2347-39E4E1A130E1}.Release|Any CPU.ActiveCfg = Release|Any CPU
		{6CF49806-22B5-4F00-2347-39E4E1A130E1}.Release|Any CPU.Build.0 = Release|Any CPU
		{2E7CA2E9-0906-6B22-91BE-FB5080E052F5}.Debug|Any CPU.ActiveCfg = Debug|Any CPU
		{2E7CA2E9-0906-6B22-91BE-FB5080E052F5}.Debug|Any CPU.Build.0 = Debug|Any CPU
		{2E7CA2E9-0906-6B22-91BE-FB5080E052F5}.Release|Any CPU.ActiveCfg = Release|Any CPU
		{2E7CA2E9-0906-6B22-91BE-FB5080E052F5}.Release|Any CPU.Build.0 = Release|Any CPU
		{651112A3-D675-41C5-5CAD-49F0AB3FFFA2}.Debug|Any CPU.ActiveCfg = Debug|Any CPU
		{651112A3-D675-41C5-5CAD-49F0AB3FFFA2}.Debug|Any CPU.Build.0 = Debug|Any CPU
		{651112A3-D675-41C5-5CAD-49F0AB3FFFA2}.Release|Any CPU.ActiveCfg = Release|Any CPU
		{651112A3-D675-41C5-5CAD-49F0AB3FFFA2}.Release|Any CPU.Build.0 = Release|Any CPU
		{C6FE9E31-3B1E-4730-36D5-FE55B29D6D2A}.Debug|Any CPU.ActiveCfg = Debug|Any CPU
		{C6FE9E31-3B1E-4730-36D5-FE55B29D6D2A}.Debug|Any CPU.Build.0 = Debug|Any CPU
		{C6FE9E31-3B1E-4730-36D5-FE55B29D6D2A}.Release|Any CPU.ActiveCfg = Release|Any CPU
		{C6FE9E31-3B1E-4730-36D5-FE55B29D6D2A}.Release|Any CPU.Build.0 = Release|Any CPU
		{559B23B6-1245-0C11-2225-834C88EA5FA5}.Debug|Any CPU.ActiveCfg = Debug|Any CPU
		{559B23B6-1245-0C11-2225-834C88EA5FA5}.Debug|Any CPU.Build.0 = Debug|Any CPU
		{559B23B6-1245-0C11-2225-834C88EA5FA5}.Release|Any CPU.ActiveCfg = Release|Any CPU
		{559B23B6-1245-0C11-2225-834C88EA5FA5}.Release|Any CPU.Build.0 = Release|Any CPU
		{0DA61BE4-060F-11B4-DB7C-FC7F0423A9FC}.Debug|Any CPU.ActiveCfg = Debug|Any CPU
		{0DA61BE4-060F-11B4-DB7C-FC7F0423A9FC}.Debug|Any CPU.Build.0 = Debug|Any CPU
		{0DA61BE4-060F-11B4-DB7C-FC7F0423A9FC}.Release|Any CPU.ActiveCfg = Release|Any CPU
		{0DA61BE4-060F-11B4-DB7C-FC7F0423A9FC}.Release|Any CPU.Build.0 = Release|Any CPU
		{DD4769F5-ECAD-828F-20E5-76C9254A5CF9}.Debug|Any CPU.ActiveCfg = Debug|Any CPU
		{DD4769F5-ECAD-828F-20E5-76C9254A5CF9}.Debug|Any CPU.Build.0 = Debug|Any CPU
		{DD4769F5-ECAD-828F-20E5-76C9254A5CF9}.Release|Any CPU.ActiveCfg = Release|Any CPU
		{DD4769F5-ECAD-828F-20E5-76C9254A5CF9}.Release|Any CPU.Build.0 = Release|Any CPU
		{29A8DD5F-6F1D-7E84-5FAC-0CAE76CB139C}.Debug|Any CPU.ActiveCfg = Debug|Any CPU
		{29A8DD5F-6F1D-7E84-5FAC-0CAE76CB139C}.Debug|Any CPU.Build.0 = Debug|Any CPU
		{29A8DD5F-6F1D-7E84-5FAC-0CAE76CB139C}.Release|Any CPU.ActiveCfg = Release|Any CPU
		{29A8DD5F-6F1D-7E84-5FAC-0CAE76CB139C}.Release|Any CPU.Build.0 = Release|Any CPU
		{A072239A-5BE5-2180-74D7-E23E2E025DD7}.Debug|Any CPU.ActiveCfg = Debug|Any CPU
		{A072239A-5BE5-2180-74D7-E23E2E025DD7}.Debug|Any CPU.Build.0 = Debug|Any CPU
		{A072239A-5BE5-2180-74D7-E23E2E025DD7}.Release|Any CPU.ActiveCfg = Release|Any CPU
		{A072239A-5BE5-2180-74D7-E23E2E025DD7}.Release|Any CPU.Build.0 = Release|Any CPU
		{2D589AF2-1DD7-C37B-71AF-7EFD84792C80}.Debug|Any CPU.ActiveCfg = Debug|Any CPU
		{2D589AF2-1DD7-C37B-71AF-7EFD84792C80}.Debug|Any CPU.Build.0 = Debug|Any CPU
		{2D589AF2-1DD7-C37B-71AF-7EFD84792C80}.Release|Any CPU.ActiveCfg = Release|Any CPU
		{2D589AF2-1DD7-C37B-71AF-7EFD84792C80}.Release|Any CPU.Build.0 = Release|Any CPU
	EndGlobalSection
	GlobalSection(SolutionProperties) = preSolution
		HideSolutionNode = FALSE
	EndGlobalSection
EndGlobal
